
Microsoft Visual Studio Solution File, Format Version 12.00
# Visual Studio Version 17
VisualStudioVersion = 17.5.33424.131
MinimumVisualStudioVersion = 10.0.40219.1
Project("{FAE04EC0-301F-11D3-BF4B-00C04F79EFBC}") = "new-project", "new-project\new-project.csproj", "{B8C09294-B834-49BC-987E-2A780FAF2215}"
EndProject
Global
	GlobalSection(SolutionConfigurationPlatforms) = preSolution
		Debug|Any CPU = Debug|Any CPU
		Release|Any CPU = Release|Any CPU
	EndGlobalSection
	GlobalSection(ProjectConfigurationPlatforms) = postSolution
		{B8C09294-B834-49BC-987E-2A780FAF2215}.Debug|Any CPU.ActiveCfg = Debug|Any CPU
		{B8C09294-B834-49BC-987E-2A780FAF2215}.Debug|Any CPU.Build.0 = Debug|Any CPU
		{B8C09294-B834-49BC-987E-2A780FAF2215}.Release|Any CPU.ActiveCfg = Release|Any CPU
		{B8C09294-B834-49BC-987E-2A780FAF2215}.Release|Any CPU.Build.0 = Release|Any CPU
	EndGlobalSection
	GlobalSection(SolutionProperties) = preSolution
		HideSolutionNode = FALSE
	EndGlobalSection
	GlobalSection(ExtensibilityGlobals) = postSolution
		SolutionGuid = {AC368AB5-10F9-40E7-BD4A-7A45A18674DF}
	EndGlobalSection
EndGlobal
